
Microsoft Visual Studio Solution File, Format Version 12.00
# Visual Studio Version 16
VisualStudioVersion = 16.0.29728.190
MinimumVisualStudioVersion = 10.0.40219.1
Project("{FAE04EC0-301F-11D3-BF4B-00C04F79EFBC}") = "leapYear", "leapYear\leapYear.csproj", "{83EC43B9-98EA-4A7E-B517-DD39028B3ECB}"
EndProject
Global
	GlobalSection(SolutionConfigurationPlatforms) = preSolution
		Debug|Any CPU = Debug|Any CPU
		Release|Any CPU = Release|Any CPU
	EndGlobalSection
	GlobalSection(ProjectConfigurationPlatforms) = postSolution
		{83EC43B9-98EA-4A7E-B517-DD39028B3ECB}.Debug|Any CPU.ActiveCfg = Debug|Any CPU
		{83EC43B9-98EA-4A7E-B517-DD39028B3ECB}.Debug|Any CPU.Build.0 = Debug|Any CPU
		{83EC43B9-98EA-4A7E-B517-DD39028B3ECB}.Release|Any CPU.ActiveCfg = Release|Any CPU
		{83EC43B9-98EA-4A7E-B517-DD39028B3ECB}.Release|Any CPU.Build.0 = Release|Any CPU
	EndGlobalSection
	GlobalSection(SolutionProperties) = preSolution
		HideSolutionNode = FALSE
	EndGlobalSection
	GlobalSection(ExtensibilityGlobals) = postSolution
		SolutionGuid = {AB2BF9B3-A9C6-49C5-8382-4B3C8CCEF2CC}
	EndGlobalSection
EndGlobal
